github.com/RussellLuo/mapstructure v1.3.4-0.20230915005935-0ccb59b15cf2 h1:iwHtW2gVIDynzVcv+6NqhnkvhqhufmEOpbgSsxSdN68=
github.com/RussellLuo/mapstructure v1.3.4-0.20230915005935-0ccb59b15cf2/go.mod h1:Wdvd26olfMFybEGBobXgoTlLLXbWmdp25yEfL3KnrMc=
github.com/RussellLuo/structs v1.2.0 h1:rLR+opKsDCfDUwHCYG2mvFi1xUvYcWSt9kwns4e8OkU=
github.com/RussellLuo/structs v1.2.0/go.mod h1:qas+tRT21XKo0VNnwq/SrsnvG3axjhWbeyKFgb7v20M=
